
Microsoft Visual Studio Solution File, Format Version 12.00
Project("{FAE04EC0-301F-11D3-BF4B-00C04F79EFBC}") = "MarsRoverTest", "MarsRoverTest\MarsRoverTest\MarsRoverTest.csproj", "{7AEB150C-D298-4AC8-BE6B-10B46D7E6DD7}"
EndProject
Project("{FAE04EC0-301F-11D3-BF4B-00C04F79EFBC}") = "MarsRover", "MarsRover\MarsRover\MarsRover.csproj", "{8AB63AFE-BB11-480C-BD78-2815F5CE789C}"
EndProject
Global
	GlobalSection(SolutionConfigurationPlatforms) = preSolution
		Debug|Any CPU = Debug|Any CPU
		Release|Any CPU = Release|Any CPU
	EndGlobalSection
	GlobalSection(ProjectConfigurationPlatforms) = postSolution
		{7AEB150C-D298-4AC8-BE6B-10B46D7E6DD7}.Debug|Any CPU.ActiveCfg = Debug|Any CPU
		{7AEB150C-D298-4AC8-BE6B-10B46D7E6DD7}.Debug|Any CPU.Build.0 = Debug|Any CPU
		{7AEB150C-D298-4AC8-BE6B-10B46D7E6DD7}.Release|Any CPU.ActiveCfg = Release|Any CPU
		{7AEB150C-D298-4AC8-BE6B-10B46D7E6DD7}.Release|Any CPU.Build.0 = Release|Any CPU
		{8AB63AFE-BB11-480C-BD78-2815F5CE789C}.Debug|Any CPU.ActiveCfg = Debug|Any CPU
		{8AB63AFE-BB11-480C-BD78-2815F5CE789C}.Debug|Any CPU.Build.0 = Debug|Any CPU
		{8AB63AFE-BB11-480C-BD78-2815F5CE789C}.Release|Any CPU.ActiveCfg = Release|Any CPU
		{8AB63AFE-BB11-480C-BD78-2815F5CE789C}.Release|Any CPU.Build.0 = Release|Any CPU
	EndGlobalSection
EndGlobal
